
Microsoft Visual Studio Solution File, Format Version 12.00
# Visual Studio Version 17
VisualStudioVersion = 17.4.33213.308
MinimumVisualStudioVersion = 10.0.40219.1
Project("{2150E333-8FDC-42A3-9474-1A3956D46DE8}") = "src", "src", "{FC8DCD1F-7395-41AA-9D6B-2632AF053049}"
EndProject
Project("{2150E333-8FDC-42A3-9474-1A3956D46DE8}") = "core", "core", "{783CE4F1-FE64-46C4-ACD8-4F558CBC243A}"
EndProject
Project("{2150E333-8FDC-42A3-9474-1A3956D46DE8}") = "modules", "modules", "{C0B0AF0F-1732-461A-856F-679219873685}"
EndProject
Project("{2150E333-8FDC-42A3-9474-1A3956D46DE8}") = "presentation", "presentation", "{781462A6-3319-4B4F-B3D7-1E98AE33EA1D}"
EndProject
Project("{2150E333-8FDC-42A3-9474-1A3956D46DE8}") = "order", "order", "{65E95561-FB10-4EB1-AC5E-DAEA204157ED}"
EndProject
Project("{2150E333-8FDC-42A3-9474-1A3956D46DE8}") = "stock", "stock", "{EE7BBF68-FC38-4195-B25D-B043CA2E156A}"
EndProject
Project("{2150E333-8FDC-42A3-9474-1A3956D46DE8}") = "payment", "payment", "{89044955-1527-45B6-94E4-33B8BCD6C7CA}"
EndProject
Project("{9A19103F-16F7-4668-BE54-9A1E7A4F7556}") = "api", "src\presentation\api\api.csproj", "{51194C22-3C7E-48AE-B305-5B62496B6AB9}"
EndProject
Project("{9A19103F-16F7-4668-BE54-9A1E7A4F7556}") = "core-domain", "src\core\core-domain\core-domain.csproj", "{AF949AD1-9697-4349-B097-DD9BCD241A15}"
EndProject
Project("{9A19103F-16F7-4668-BE54-9A1E7A4F7556}") = "core-application", "src\core\core-application\core-application.csproj", "{73AACADF-5ACE-4681-9FB0-70D84DFDB11C}"
EndProject
Project("{9A19103F-16F7-4668-BE54-9A1E7A4F7556}") = "core-infrastructure", "src\core\core-infrastructure\core-infrastructure.csproj", "{788FA37B-0D3C-4287-86FD-F7A37571821E}"
EndProject
Project("{9A19103F-16F7-4668-BE54-9A1E7A4F7556}") = "core-messages", "src\core\core-messages\core-messages.csproj", "{D5EF1872-05CB-47A2-B84E-03019BE4FB81}"
EndProject
Project("{9A19103F-16F7-4668-BE54-9A1E7A4F7556}") = "orderApi", "src\modules\order\api\orderApi.csproj", "{DF26055B-3A79-4656-B7E9-2C810AEFF226}"
EndProject
Project("{9A19103F-16F7-4668-BE54-9A1E7A4F7556}") = "orderApplication", "src\modules\order\application\orderApplication.csproj", "{CCAD9AD0-43AC-475E-B8E9-F1A831231A36}"
EndProject
Project("{9A19103F-16F7-4668-BE54-9A1E7A4F7556}") = "orderDomain", "src\modules\order\domain\orderDomain.csproj", "{917DF0C7-46DE-411E-B7A3-B30FFAEBBFB2}"
EndProject
Project("{9A19103F-16F7-4668-BE54-9A1E7A4F7556}") = "orderInfrastructure", "src\modules\order\infrastructure\orderInfrastructure.csproj", "{764F4822-FE6E-4900-B85C-BAB3FF8B41E0}"
EndProject
Project("{2150E333-8FDC-42A3-9474-1A3956D46DE8}") = "bg-service", "bg-service", "{01F227DC-5A1D-4CA4-BF68-4B2429BE322F}"
EndProject
Project("{9A19103F-16F7-4668-BE54-9A1E7A4F7556}") = "messageRelay", "src\modules\bg-service\messageRelay\messageRelay.csproj", "{0E5CACD2-B1B6-4CAC-94A0-26E69F025C9C}"
EndProject
Project("{9A19103F-16F7-4668-BE54-9A1E7A4F7556}") = "stockApi", "src\modules\stock\api\stockApi.csproj", "{4C39F24F-5DF1-4B39-A655-8D6AC59793F1}"
EndProject
Project("{9A19103F-16F7-4668-BE54-9A1E7A4F7556}") = "stockApplication", "src\modules\stock\application\stockApplication.csproj", "{017D988E-675D-431A-BC83-37F0FA582D5E}"
EndProject
Project("{9A19103F-16F7-4668-BE54-9A1E7A4F7556}") = "stockDomain", "src\modules\stock\domain\stockDomain.csproj", "{6105D3E5-79DF-4090-A1EB-A03B7C2D9F60}"
EndProject
Project("{9A19103F-16F7-4668-BE54-9A1E7A4F7556}") = "stockInfrastructure", "src\modules\stock\infrastructure\stockInfrastructure.csproj", "{B8D8DDBC-48DA-414D-BEAF-4171057590F8}"
EndProject
Project("{FAE04EC0-301F-11D3-BF4B-00C04F79EFBC}") = "paymentApi", "src\modules\payment\paymentApi\paymentApi.csproj", "{860A2CA8-65D3-4666-889B-B013393E30EB}"
EndProject
Project("{FAE04EC0-301F-11D3-BF4B-00C04F79EFBC}") = "paymentApplication", "src\modules\payment\application\paymentApplication.csproj", "{6707B810-8DB7-4AB0-B03A-C88774EDA5FC}"
EndProject
Project("{FAE04EC0-301F-11D3-BF4B-00C04F79EFBC}") = "paymentDomain", "src\modules\payment\domain\paymentDomain.csproj", "{31883686-C1DC-461F-950D-388772C88720}"
EndProject
Project("{FAE04EC0-301F-11D3-BF4B-00C04F79EFBC}") = "paymentInfrastructure", "src\modules\payment\infrastructure\paymentInfrastructure.csproj", "{A588FC4D-D2C0-452C-8F73-604F8E314489}"
EndProject
Global
	GlobalSection(SolutionConfigurationPlatforms) = preSolution
		Debug|Any CPU = Debug|Any CPU
		Release|Any CPU = Release|Any CPU
	EndGlobalSection
	GlobalSection(ProjectConfigurationPlatforms) = postSolution
		{51194C22-3C7E-48AE-B305-5B62496B6AB9}.Debug|Any CPU.ActiveCfg = Debug|Any CPU
		{51194C22-3C7E-48AE-B305-5B62496B6AB9}.Debug|Any CPU.Build.0 = Debug|Any CPU
		{51194C22-3C7E-48AE-B305-5B62496B6AB9}.Release|Any CPU.ActiveCfg = Release|Any CPU
		{51194C22-3C7E-48AE-B305-5B62496B6AB9}.Release|Any CPU.Build.0 = Release|Any CPU
		{AF949AD1-9697-4349-B097-DD9BCD241A15}.Debug|Any CPU.ActiveCfg = Debug|Any CPU
		{AF949AD1-9697-4349-B097-DD9BCD241A15}.Debug|Any CPU.Build.0 = Debug|Any CPU
		{AF949AD1-9697-4349-B097-DD9BCD241A15}.Release|Any CPU.ActiveCfg = Release|Any CPU
		{AF949AD1-9697-4349-B097-DD9BCD241A15}.Release|Any CPU.Build.0 = Release|Any CPU
		{73AACADF-5ACE-4681-9FB0-70D84DFDB11C}.Debug|Any CPU.ActiveCfg = Debug|Any CPU
		{73AACADF-5ACE-4681-9FB0-70D84DFDB11C}.Debug|Any CPU.Build.0 = Debug|Any CPU
		{73AACADF-5ACE-4681-9FB0-70D84DFDB11C}.Release|Any CPU.ActiveCfg = Release|Any CPU
		{73AACADF-5ACE-4681-9FB0-70D84DFDB11C}.Release|Any CPU.Build.0 = Release|Any CPU
		{788FA37B-0D3C-4287-86FD-F7A37571821E}.Debug|Any CPU.ActiveCfg = Debug|Any CPU
		{788FA37B-0D3C-4287-86FD-F7A37571821E}.Debug|Any CPU.Build.0 = Debug|Any CPU
		{788FA37B-0D3C-4287-86FD-F7A37571821E}.Release|Any CPU.ActiveCfg = Release|Any CPU
		{788FA37B-0D3C-4287-86FD-F7A37571821E}.Release|Any CPU.Build.0 = Release|Any CPU
		{D5EF1872-05CB-47A2-B84E-03019BE4FB81}.Debug|Any CPU.ActiveCfg = Debug|Any CPU
		{D5EF1872-05CB-47A2-B84E-03019BE4FB81}.Debug|Any CPU.Build.0 = Debug|Any CPU
		{D5EF1872-05CB-47A2-B84E-03019BE4FB81}.Release|Any CPU.ActiveCfg = Release|Any CPU
		{D5EF1872-05CB-47A2-B84E-03019BE4FB81}.Release|Any CPU.Build.0 = Release|Any CPU
		{DF26055B-3A79-4656-B7E9-2C810AEFF226}.Debug|Any CPU.ActiveCfg = Debug|Any CPU
		{DF26055B-3A79-4656-B7E9-2C810AEFF226}.Debug|Any CPU.Build.0 = Debug|Any CPU
		{DF26055B-3A79-4656-B7E9-2C810AEFF226}.Release|Any CPU.ActiveCfg = Release|Any CPU
		{DF26055B-3A79-4656-B7E9-2C810AEFF226}.Release|Any CPU.Build.0 = Release|Any CPU
		{CCAD9AD0-43AC-475E-B8E9-F1A831231A36}.Debug|Any CPU.ActiveCfg = Debug|Any CPU
		{CCAD9AD0-43AC-475E-B8E9-F1A831231A36}.Debug|Any CPU.Build.0 = Debug|Any CPU
		{CCAD9AD0-43AC-475E-B8E9-F1A831231A36}.Release|Any CPU.ActiveCfg = Release|Any CPU
		{CCAD9AD0-43AC-475E-B8E9-F1A831231A36}.Release|Any CPU.Build.0 = Release|Any CPU
		{917DF0C7-46DE-411E-B7A3-B30FFAEBBFB2}.Debug|Any CPU.ActiveCfg = Debug|Any CPU
		{917DF0C7-46DE-411E-B7A3-B30FFAEBBFB2}.Debug|Any CPU.Build.0 = Debug|Any CPU
		{917DF0C7-46DE-411E-B7A3-B30FFAEBBFB2}.Release|Any CPU.ActiveCfg = Release|Any CPU
		{917DF0C7-46DE-411E-B7A3-B30FFAEBBFB2}.Release|Any CPU.Build.0 = Release|Any CPU
		{764F4822-FE6E-4900-B85C-BAB3FF8B41E0}.Debug|Any CPU.ActiveCfg = Debug|Any CPU
		{764F4822-FE6E-4900-B85C-BAB3FF8B41E0}.Debug|Any CPU.Build.0 = Debug|Any CPU
		{764F4822-FE6E-4900-B85C-BAB3FF8B41E0}.Release|Any CPU.ActiveCfg = Release|Any CPU
		{764F4822-FE6E-4900-B85C-BAB3FF8B41E0}.Release|Any CPU.Build.0 = Release|Any CPU
		{0E5CACD2-B1B6-4CAC-94A0-26E69F025C9C}.Debug|Any CPU.ActiveCfg = Debug|Any CPU
		{0E5CACD2-B1B6-4CAC-94A0-26E69F025C9C}.Debug|Any CPU.Build.0 = Debug|Any CPU
		{0E5CACD2-B1B6-4CAC-94A0-26E69F025C9C}.Release|Any CPU.ActiveCfg = Release|Any CPU
		{0E5CACD2-B1B6-4CAC-94A0-26E69F025C9C}.Release|Any CPU.Build.0 = Release|Any CPU
		{4C39F24F-5DF1-4B39-A655-8D6AC59793F1}.Debug|Any CPU.ActiveCfg = Debug|Any CPU
		{4C39F24F-5DF1-4B39-A655-8D6AC59793F1}.Debug|Any CPU.Build.0 = Debug|Any CPU
		{4C39F24F-5DF1-4B39-A655-8D6AC59793F1}.Release|Any CPU.ActiveCfg = Release|Any CPU
		{4C39F24F-5DF1-4B39-A655-8D6AC59793F1}.Release|Any CPU.Build.0 = Release|Any CPU
		{017D988E-675D-431A-BC83-37F0FA582D5E}.Debug|Any CPU.ActiveCfg = Debug|Any CPU
		{017D988E-675D-431A-BC83-37F0FA582D5E}.Debug|Any CPU.Build.0 = Debug|Any CPU
		{017D988E-675D-431A-BC83-37F0FA582D5E}.Release|Any CPU.ActiveCfg = Release|Any CPU
		{017D988E-675D-431A-BC83-37F0FA582D5E}.Release|Any CPU.Build.0 = Release|Any CPU
		{6105D3E5-79DF-4090-A1EB-A03B7C2D9F60}.Debug|Any CPU.ActiveCfg = Debug|Any CPU
		{6105D3E5-79DF-4090-A1EB-A03B7C2D9F60}.Debug|Any CPU.Build.0 = Debug|Any CPU
		{6105D3E5-79DF-4090-A1EB-A03B7C2D9F60}.Release|Any CPU.ActiveCfg = Release|Any CPU
		{6105D3E5-79DF-4090-A1EB-A03B7C2D9F60}.Release|Any CPU.Build.0 = Release|Any CPU
		{B8D8DDBC-48DA-414D-BEAF-4171057590F8}.Debug|Any CPU.ActiveCfg = Debug|Any CPU
		{B8D8DDBC-48DA-414D-BEAF-4171057590F8}.Debug|Any CPU.Build.0 = Debug|Any CPU
		{B8D8DDBC-48DA-414D-BEAF-4171057590F8}.Release|Any CPU.ActiveCfg = Release|Any CPU
		{B8D8DDBC-48DA-414D-BEAF-4171057590F8}.Release|Any CPU.Build.0 = Release|Any CPU
		{860A2CA8-65D3-4666-889B-B013393E30EB}.Debug|Any CPU.ActiveCfg = Debug|Any CPU
		{860A2CA8-65D3-4666-889B-B013393E30EB}.Debug|Any CPU.Build.0 = Debug|Any CPU
		{860A2CA8-65D3-4666-889B-B013393E30EB}.Release|Any CPU.ActiveCfg = Release|Any CPU
		{860A2CA8-65D3-4666-889B-B013393E30EB}.Release|Any CPU.Build.0 = Release|Any CPU
		{6707B810-8DB7-4AB0-B03A-C88774EDA5FC}.Debug|Any CPU.ActiveCfg = Debug|Any CPU
		{6707B810-8DB7-4AB0-B03A-C88774EDA5FC}.Debug|Any CPU.Build.0 = Debug|Any CPU
		{6707B810-8DB7-4AB0-B03A-C88774EDA5FC}.Release|Any CPU.ActiveCfg = Release|Any CPU
		{6707B810-8DB7-4AB0-B03A-C88774EDA5FC}.Release|Any CPU.Build.0 = Release|Any CPU
		{31883686-C1DC-461F-950D-388772C88720}.Debug|Any CPU.ActiveCfg = Debug|Any CPU
		{31883686-C1DC-461F-950D-388772C88720}.Debug|Any CPU.Build.0 = Debug|Any CPU
		{31883686-C1DC-461F-950D-388772C88720}.Release|Any CPU.ActiveCfg = Release|Any CPU
		{31883686-C1DC-461F-950D-388772C88720}.Release|Any CPU.Build.0 = Release|Any CPU
		{A588FC4D-D2C0-452C-8F73-604F8E314489}.Debug|Any CPU.ActiveCfg = Debug|Any CPU
		{A588FC4D-D2C0-452C-8F73-604F8E314489}.Debug|Any CPU.Build.0 = Debug|Any CPU
		{A588FC4D-D2C0-452C-8F73-604F8E314489}.Release|Any CPU.ActiveCfg = Release|Any CPU
		{A588FC4D-D2C0-452C-8F73-604F8E314489}.Release|Any CPU.Build.0 = Release|Any CPU
	EndGlobalSection
	GlobalSection(SolutionProperties) = preSolution
		HideSolutionNode = FALSE
	EndGlobalSection
	GlobalSection(NestedProjects) = preSolution
		{783CE4F1-FE64-46C4-ACD8-4F558CBC243A} = {FC8DCD1F-7395-41AA-9D6B-2632AF053049}
		{C0B0AF0F-1732-461A-856F-679219873685} = {FC8DCD1F-7395-41AA-9D6B-2632AF053049}
		{781462A6-3319-4B4F-B3D7-1E98AE33EA1D} = {FC8DCD1F-7395-41AA-9D6B-2632AF053049}
		{65E95561-FB10-4EB1-AC5E-DAEA204157ED} = {C0B0AF0F-1732-461A-856F-679219873685}
		{EE7BBF68-FC38-4195-B25D-B043CA2E156A} = {C0B0AF0F-1732-461A-856F-679219873685}
		{89044955-1527-45B6-94E4-33B8BCD6C7CA} = {C0B0AF0F-1732-461A-856F-679219873685}
		{51194C22-3C7E-48AE-B305-5B62496B6AB9} = {781462A6-3319-4B4F-B3D7-1E98AE33EA1D}
		{AF949AD1-9697-4349-B097-DD9BCD241A15} = {783CE4F1-FE64-46C4-ACD8-4F558CBC243A}
		{73AACADF-5ACE-4681-9FB0-70D84DFDB11C} = {783CE4F1-FE64-46C4-ACD8-4F558CBC243A}
		{788FA37B-0D3C-4287-86FD-F7A37571821E} = {783CE4F1-FE64-46C4-ACD8-4F558CBC243A}
		{D5EF1872-05CB-47A2-B84E-03019BE4FB81} = {783CE4F1-FE64-46C4-ACD8-4F558CBC243A}
		{DF26055B-3A79-4656-B7E9-2C810AEFF226} = {65E95561-FB10-4EB1-AC5E-DAEA204157ED}
		{CCAD9AD0-43AC-475E-B8E9-F1A831231A36} = {65E95561-FB10-4EB1-AC5E-DAEA204157ED}
		{917DF0C7-46DE-411E-B7A3-B30FFAEBBFB2} = {65E95561-FB10-4EB1-AC5E-DAEA204157ED}
		{764F4822-FE6E-4900-B85C-BAB3FF8B41E0} = {65E95561-FB10-4EB1-AC5E-DAEA204157ED}
		{01F227DC-5A1D-4CA4-BF68-4B2429BE322F} = {C0B0AF0F-1732-461A-856F-679219873685}
		{0E5CACD2-B1B6-4CAC-94A0-26E69F025C9C} = {01F227DC-5A1D-4CA4-BF68-4B2429BE322F}
		{4C39F24F-5DF1-4B39-A655-8D6AC59793F1} = {EE7BBF68-FC38-4195-B25D-B043CA2E156A}
		{017D988E-675D-431A-BC83-37F0FA582D5E} = {EE7BBF68-FC38-4195-B25D-B043CA2E156A}
		{6105D3E5-79DF-4090-A1EB-A03B7C2D9F60} = {EE7BBF68-FC38-4195-B25D-B043CA2E156A}
		{B8D8DDBC-48DA-414D-BEAF-4171057590F8} = {EE7BBF68-FC38-4195-B25D-B043CA2E156A}
		{860A2CA8-65D3-4666-889B-B013393E30EB} = {89044955-1527-45B6-94E4-33B8BCD6C7CA}
		{6707B810-8DB7-4AB0-B03A-C88774EDA5FC} = {89044955-1527-45B6-94E4-33B8BCD6C7CA}
		{31883686-C1DC-461F-950D-388772C88720} = {89044955-1527-45B6-94E4-33B8BCD6C7CA}
		{A588FC4D-D2C0-452C-8F73-604F8E314489} = {89044955-1527-45B6-94E4-33B8BCD6C7CA}
	EndGlobalSection
	GlobalSection(ExtensibilityGlobals) = postSolution
		SolutionGuid = {2F236B03-C63A-42DB-945E-8D7CFF898C6E}
	EndGlobalSection
EndGlobal
